
Microsoft Visual Studio Solution File, Format Version 12.00
# Visual Studio 14
VisualStudioVersion = 14.0.25420.1
MinimumVisualStudioVersion = 10.0.40219.1
Project("{FAE04EC0-301F-11D3-BF4B-00C04F79EFBC}") = "Proxy.Domain", "Proxy.Domain\Proxy.Domain.csproj", "{B9962411-5851-441C-848F-2825986329DD}"
EndProject
Project("{FAE04EC0-301F-11D3-BF4B-00C04F79EFBC}") = "Proxy.Web", "Proxy.Web\Proxy.Web.csproj", "{1ACA94D7-FD2C-45D6-B25C-510E68ADED4B}"
EndProject
Global
	GlobalSection(SolutionConfigurationPlatforms) = preSolution
		Debug|Any CPU = Debug|Any CPU
		Release|Any CPU = Release|Any CPU
	EndGlobalSection
	GlobalSection(ProjectConfigurationPlatforms) = postSolution
		{B9962411-5851-441C-848F-2825986329DD}.Debug|Any CPU.ActiveCfg = Debug|Any CPU
		{B9962411-5851-441C-848F-2825986329DD}.Debug|Any CPU.Build.0 = Debug|Any CPU
		{B9962411-5851-441C-848F-2825986329DD}.Release|Any CPU.ActiveCfg = Release|Any CPU
		{B9962411-5851-441C-848F-2825986329DD}.Release|Any CPU.Build.0 = Release|Any CPU
		{1ACA94D7-FD2C-45D6-B25C-510E68ADED4B}.Debug|Any CPU.ActiveCfg = Debug|Any CPU
		{1ACA94D7-FD2C-45D6-B25C-510E68ADED4B}.Debug|Any CPU.Build.0 = Debug|Any CPU
		{1ACA94D7-FD2C-45D6-B25C-510E68ADED4B}.Release|Any CPU.ActiveCfg = Release|Any CPU
		{1ACA94D7-FD2C-45D6-B25C-510E68ADED4B}.Release|Any CPU.Build.0 = Release|Any CPU
	EndGlobalSection
	GlobalSection(SolutionProperties) = preSolution
		HideSolutionNode = FALSE
	EndGlobalSection
EndGlobal
